
Microsoft Visual Studio Solution File, Format Version 12.00
# Visual Studio Version 17
VisualStudioVersion = 17.0.32014.148
MinimumVisualStudioVersion = 10.0.40219.1
Project("{9A19103F-16F7-4668-BE54-9A1E7A4F7556}") = "BECAS", "BECAS\BECAS.csproj", "{CB973761-F361-4C8D-8FA1-511544767FD3}"
EndProject
Project("{9A19103F-16F7-4668-BE54-9A1E7A4F7556}") = "BECASLC", "BECASLC\BECASLC.csproj", "{F79F5CEB-68E7-4F65-A60A-C000AC58C94F}"
EndProject
Global
	GlobalSection(SolutionConfigurationPlatforms) = preSolution
		Debug|Any CPU = Debug|Any CPU
		Release|Any CPU = Release|Any CPU
	EndGlobalSection
	GlobalSection(ProjectConfigurationPlatforms) = postSolution
		{CB973761-F361-4C8D-8FA1-511544767FD3}.Debug|Any CPU.ActiveCfg = Debug|Any CPU
		{CB973761-F361-4C8D-8FA1-511544767FD3}.Debug|Any CPU.Build.0 = Debug|Any CPU
		{CB973761-F361-4C8D-8FA1-511544767FD3}.Release|Any CPU.ActiveCfg = Release|Any CPU
		{CB973761-F361-4C8D-8FA1-511544767FD3}.Release|Any CPU.Build.0 = Release|Any CPU
		{F79F5CEB-68E7-4F65-A60A-C000AC58C94F}.Debug|Any CPU.ActiveCfg = Debug|Any CPU
		{F79F5CEB-68E7-4F65-A60A-C000AC58C94F}.Debug|Any CPU.Build.0 = Debug|Any CPU
		{F79F5CEB-68E7-4F65-A60A-C000AC58C94F}.Release|Any CPU.ActiveCfg = Release|Any CPU
		{F79F5CEB-68E7-4F65-A60A-C000AC58C94F}.Release|Any CPU.Build.0 = Release|Any CPU
	EndGlobalSection
	GlobalSection(SolutionProperties) = preSolution
		HideSolutionNode = FALSE
	EndGlobalSection
	GlobalSection(ExtensibilityGlobals) = postSolution
		SolutionGuid = {1FA9959A-6276-4228-B1D0-83ED5ECB7D5D}
	EndGlobalSection
EndGlobal
